
Microsoft Visual Studio Solution File, Format Version 12.00
# Visual Studio Version 16
VisualStudioVersion = 16.0.30204.135
MinimumVisualStudioVersion = 10.0.40219.1
Project("{FAE04EC0-301F-11D3-BF4B-00C04F79EFBC}") = "VectorTextBlock", "VectorTextBlock\VectorTextBlock.csproj", "{29DAAA6D-8216-444E-A03F-C832CA9ED262}"
EndProject
Project("{FAE04EC0-301F-11D3-BF4B-00C04F79EFBC}") = "VectorTextBlock_Demo", "VectorTextBlock_Demo\VectorTextBlock_Demo.csproj", "{093CBBC4-9F0B-4286-8ECD-15C43E1F7736}"
EndProject
Global
	GlobalSection(SolutionConfigurationPlatforms) = preSolution
		Debug|Any CPU = Debug|Any CPU
		Release|Any CPU = Release|Any CPU
	EndGlobalSection
	GlobalSection(ProjectConfigurationPlatforms) = postSolution
		{29DAAA6D-8216-444E-A03F-C832CA9ED262}.Debug|Any CPU.ActiveCfg = Debug|Any CPU
		{29DAAA6D-8216-444E-A03F-C832CA9ED262}.Debug|Any CPU.Build.0 = Debug|Any CPU
		{29DAAA6D-8216-444E-A03F-C832CA9ED262}.Release|Any CPU.ActiveCfg = Release|Any CPU
		{29DAAA6D-8216-444E-A03F-C832CA9ED262}.Release|Any CPU.Build.0 = Release|Any CPU
		{093CBBC4-9F0B-4286-8ECD-15C43E1F7736}.Debug|Any CPU.ActiveCfg = Debug|Any CPU
		{093CBBC4-9F0B-4286-8ECD-15C43E1F7736}.Debug|Any CPU.Build.0 = Debug|Any CPU
		{093CBBC4-9F0B-4286-8ECD-15C43E1F7736}.Release|Any CPU.ActiveCfg = Release|Any CPU
		{093CBBC4-9F0B-4286-8ECD-15C43E1F7736}.Release|Any CPU.Build.0 = Release|Any CPU
	EndGlobalSection
	GlobalSection(SolutionProperties) = preSolution
		HideSolutionNode = FALSE
	EndGlobalSection
	GlobalSection(ExtensibilityGlobals) = postSolution
		SolutionGuid = {84DA75F3-58CF-4544-AD8C-C8198207B8FF}
	EndGlobalSection
EndGlobal
